
Microsoft Visual Studio Solution File, Format Version 12.00
# Visual Studio Version 16
VisualStudioVersion = 25.0.1700.0
MinimumVisualStudioVersion = 10.0.40219.1
Project("{FAE04EC0-301F-11D3-BF4B-00C04F79EFBC}") = "VehichleApi", "VehichleApi\VehichleApi.csproj", "{426953A1-156C-46F7-8BDB-D28305E24916}"
EndProject
Project("{FAE04EC0-301F-11D3-BF4B-00C04F79EFBC}") = "CustomerApi", "CustomerApi\CustomerApi.csproj", "{CD817040-ED1A-4CC7-94A4-A3BB772334BC}"
EndProject
Project("{FAE04EC0-301F-11D3-BF4B-00C04F79EFBC}") = "ReservationApi", "ReservationApi\ReservationApi.csproj", "{96650AB4-E485-4DA3-896E-CD5C3303C393}"
EndProject
Global
	GlobalSection(SolutionConfigurationPlatforms) = preSolution
		Debug|Any CPU = Debug|Any CPU
		Release|Any CPU = Release|Any CPU
	EndGlobalSection
	GlobalSection(ProjectConfigurationPlatforms) = postSolution
		{426953A1-156C-46F7-8BDB-D28305E24916}.Debug|Any CPU.ActiveCfg = Debug|Any CPU
		{426953A1-156C-46F7-8BDB-D28305E24916}.Debug|Any CPU.Build.0 = Debug|Any CPU
		{426953A1-156C-46F7-8BDB-D28305E24916}.Release|Any CPU.ActiveCfg = Release|Any CPU
		{426953A1-156C-46F7-8BDB-D28305E24916}.Release|Any CPU.Build.0 = Release|Any CPU
		{CD817040-ED1A-4CC7-94A4-A3BB772334BC}.Debug|Any CPU.ActiveCfg = Debug|Any CPU
		{CD817040-ED1A-4CC7-94A4-A3BB772334BC}.Debug|Any CPU.Build.0 = Debug|Any CPU
		{CD817040-ED1A-4CC7-94A4-A3BB772334BC}.Release|Any CPU.ActiveCfg = Release|Any CPU
		{CD817040-ED1A-4CC7-94A4-A3BB772334BC}.Release|Any CPU.Build.0 = Release|Any CPU
		{96650AB4-E485-4DA3-896E-CD5C3303C393}.Debug|Any CPU.ActiveCfg = Debug|Any CPU
		{96650AB4-E485-4DA3-896E-CD5C3303C393}.Debug|Any CPU.Build.0 = Debug|Any CPU
		{96650AB4-E485-4DA3-896E-CD5C3303C393}.Release|Any CPU.ActiveCfg = Release|Any CPU
		{96650AB4-E485-4DA3-896E-CD5C3303C393}.Release|Any CPU.Build.0 = Release|Any CPU
	EndGlobalSection
	GlobalSection(SolutionProperties) = preSolution
		HideSolutionNode = FALSE
	EndGlobalSection
	GlobalSection(ExtensibilityGlobals) = postSolution
		SolutionGuid = {103498F5-65DD-426F-B5EA-545E29B43B87}
	EndGlobalSection
EndGlobal
